
Microsoft Visual Studio Solution File, Format Version 12.00
# Visual Studio 15
VisualStudioVersion = 15.0.27703.2047
MinimumVisualStudioVersion = 10.0.40219.1
Project("{FAE04EC0-301F-11D3-BF4B-00C04F79EFBC}") = "ConsoleApplication1", "ConsoleApp1\ConsoleApplication1.csproj", "{038BD6A2-86D5-41ED-81C9-6E9B870DD43D}"
EndProject
Global
	GlobalSection(SolutionConfigurationPlatforms) = preSolution
		Debug|Any CPU = Debug|Any CPU
		Release|Any CPU = Release|Any CPU
	EndGlobalSection
	GlobalSection(ProjectConfigurationPlatforms) = postSolution
		{038BD6A2-86D5-41ED-81C9-6E9B870DD43D}.Debug|Any CPU.ActiveCfg = Debug|Any CPU
		{038BD6A2-86D5-41ED-81C9-6E9B870DD43D}.Debug|Any CPU.Build.0 = Debug|Any CPU
		{038BD6A2-86D5-41ED-81C9-6E9B870DD43D}.Release|Any CPU.ActiveCfg = Release|Any CPU
		{038BD6A2-86D5-41ED-81C9-6E9B870DD43D}.Release|Any CPU.Build.0 = Release|Any CPU
	EndGlobalSection
	GlobalSection(SolutionProperties) = preSolution
		HideSolutionNode = FALSE
	EndGlobalSection
	GlobalSection(ExtensibilityGlobals) = postSolution
		SolutionGuid = {47EEDCF6-83E9-474F-B32E-0C99A897D164}
	EndGlobalSection
EndGlobal
